
Microsoft Visual Studio Solution File, Format Version 12.00
# Visual Studio Version 17
VisualStudioVersion = 17.4.33103.184
MinimumVisualStudioVersion = 10.0.40219.1
Project("{9A19103F-16F7-4668-BE54-9A1E7A4F7556}") = "Sms", "Sms\Sms.csproj", "{15A3B098-143E-48B9-9140-38B7F6C94E37}"
EndProject
Project("{9A19103F-16F7-4668-BE54-9A1E7A4F7556}") = "Sms.Tests", "Sms.Tests\Sms.Tests.csproj", "{FDD39304-E1AD-4639-BA28-320DE3264D1C}"
EndProject
Project("{9A19103F-16F7-4668-BE54-9A1E7A4F7556}") = "Sms.Tools", "Sms.Tools\Sms.Tools.csproj", "{499AE5E4-0D43-4B97-BB69-B51F72574913}"
EndProject
Project("{9A19103F-16F7-4668-BE54-9A1E7A4F7556}") = "Sms.Zexall", "Sms.Zexall\Sms.Zexall.csproj", "{B089EF88-4CAB-4630-B41B-34F6A4A15D26}"
EndProject
Project("{FAE04EC0-301F-11D3-BF4B-00C04F79EFBC}") = "Sms.Debugger", "Sms.Debugger\Sms.Debugger.csproj", "{0870F59F-72BD-4C18-91A7-72ED1004B146}"
EndProject
Global
	GlobalSection(SolutionConfigurationPlatforms) = preSolution
		Debug|Any CPU = Debug|Any CPU
		Release|Any CPU = Release|Any CPU
	EndGlobalSection
	GlobalSection(ProjectConfigurationPlatforms) = postSolution
		{15A3B098-143E-48B9-9140-38B7F6C94E37}.Debug|Any CPU.ActiveCfg = Debug|Any CPU
		{15A3B098-143E-48B9-9140-38B7F6C94E37}.Debug|Any CPU.Build.0 = Debug|Any CPU
		{15A3B098-143E-48B9-9140-38B7F6C94E37}.Release|Any CPU.ActiveCfg = Release|Any CPU
		{15A3B098-143E-48B9-9140-38B7F6C94E37}.Release|Any CPU.Build.0 = Release|Any CPU
		{FDD39304-E1AD-4639-BA28-320DE3264D1C}.Debug|Any CPU.ActiveCfg = Debug|Any CPU
		{FDD39304-E1AD-4639-BA28-320DE3264D1C}.Debug|Any CPU.Build.0 = Debug|Any CPU
		{FDD39304-E1AD-4639-BA28-320DE3264D1C}.Release|Any CPU.ActiveCfg = Release|Any CPU
		{FDD39304-E1AD-4639-BA28-320DE3264D1C}.Release|Any CPU.Build.0 = Release|Any CPU
		{499AE5E4-0D43-4B97-BB69-B51F72574913}.Debug|Any CPU.ActiveCfg = Debug|Any CPU
		{499AE5E4-0D43-4B97-BB69-B51F72574913}.Debug|Any CPU.Build.0 = Debug|Any CPU
		{499AE5E4-0D43-4B97-BB69-B51F72574913}.Release|Any CPU.ActiveCfg = Release|Any CPU
		{499AE5E4-0D43-4B97-BB69-B51F72574913}.Release|Any CPU.Build.0 = Release|Any CPU
		{B089EF88-4CAB-4630-B41B-34F6A4A15D26}.Debug|Any CPU.ActiveCfg = Debug|Any CPU
		{B089EF88-4CAB-4630-B41B-34F6A4A15D26}.Debug|Any CPU.Build.0 = Debug|Any CPU
		{B089EF88-4CAB-4630-B41B-34F6A4A15D26}.Release|Any CPU.ActiveCfg = Release|Any CPU
		{B089EF88-4CAB-4630-B41B-34F6A4A15D26}.Release|Any CPU.Build.0 = Release|Any CPU
		{0870F59F-72BD-4C18-91A7-72ED1004B146}.Debug|Any CPU.ActiveCfg = Debug|Any CPU
		{0870F59F-72BD-4C18-91A7-72ED1004B146}.Debug|Any CPU.Build.0 = Debug|Any CPU
		{0870F59F-72BD-4C18-91A7-72ED1004B146}.Release|Any CPU.ActiveCfg = Release|Any CPU
		{0870F59F-72BD-4C18-91A7-72ED1004B146}.Release|Any CPU.Build.0 = Release|Any CPU
	EndGlobalSection
	GlobalSection(SolutionProperties) = preSolution
		HideSolutionNode = FALSE
	EndGlobalSection
	GlobalSection(ExtensibilityGlobals) = postSolution
		SolutionGuid = {59C42821-94C6-4F78-9AB6-29F526002C15}
	EndGlobalSection
EndGlobal
